<?xml version="1.0" encoding="utf-8"?>
<Project xmlns="http://schemas.microsoft.com/developer/msbuild/2003">
  <ItemGroup>
    <Filter Include="Form Files">
      <UniqueIdentifier>{99349809-55BA-4b9d-BF79-8FDBB0286EB3}</UniqueIdentifier>
      <Extensions>ui</Extensions>
      <ParseFiles>false</ParseFiles>
    </Filter>
    <Filter Include="Form Files">
      <UniqueIdentifier>{99349809-55BA-4b9d-BF79-8FDBB0286EB3}</UniqueIdentifier>
      <Extensions>ui</Extensions>
      <ParseFiles>false</ParseFiles>
    </Filter>
    <Filter Include="Generated Files">
      <UniqueIdentifier>{71ED8ED8-ACB9-4CE9-BBE1-E00B30144E11}</UniqueIdentifier>
      <Extensions>cpp;c;cxx;moc;h;def;odl;idl;res;</Extensions>
    </Filter>
    <Filter Include="Generated Files">
      <UniqueIdentifier>{71ED8ED8-ACB9-4CE9-BBE1-E00B30144E11}</UniqueIdentifier>
      <Extensions>cpp;c;cxx;moc;h;def;odl;idl;res;</Extensions>
    </Filter>
    <Filter Include="Header Files">
      <UniqueIdentifier>{93995380-89BD-4b04-88EB-625FBE52EBFB}</UniqueIdentifier>
      <Extensions>h;hpp;hxx;hm;inl;inc;xsd</Extensions>
    </Filter>
    <Filter Include="Header Files">
      <UniqueIdentifier>{93995380-89BD-4b04-88EB-625FBE52EBFB}</UniqueIdentifier>
      <Extensions>h;hpp;hxx;hm;inl;inc;xsd</Extensions>
    </Filter>
    <Filter Include="Resource Files">
      <UniqueIdentifier>{D9D6E242-F8AF-46E4-B9FD-80ECBC20BA3E}</UniqueIdentifier>
      <Extensions>qrc;*</Extensions>
      <ParseFiles>false</ParseFiles>
    </Filter>
    <Filter Include="Resource Files">
      <UniqueIdentifier>{D9D6E242-F8AF-46E4-B9FD-80ECBC20BA3E}</UniqueIdentifier>
      <Extensions>qrc;*</Extensions>
      <ParseFiles>false</ParseFiles>
    </Filter>
    <Filter Include="Source Files">
      <UniqueIdentifier>{4FC737F1-C7A5-4376-A066-2A32D752A2FF}</UniqueIdentifier>
      <Extensions>cpp;c;cxx;def;odl;idl;hpj;bat;asm;asmx</Extensions>
    </Filter>
    <Filter Include="Source Files">
      <UniqueIdentifier>{4FC737F1-C7A5-4376-A066-2A32D752A2FF}</UniqueIdentifier>
      <Extensions>cpp;c;cxx;def;odl;idl;hpj;bat;asm;asmx</Extensions>
    </Filter>
  </ItemGroup>
  <ItemGroup>
    <ClCompile Include="src\ActionFile.cpp">
      <Filter>Source Files</Filter>
    </ClCompile>
    <ClCompile Include="src\App.cpp">
      <Filter>Source Files</Filter>
    </ClCompile>
    <ClCompile Include="src\Config.cpp">
      <Filter>Source Files</Filter>
    </ClCompile>
    <ClCompile Include="src\ContextMenu.cpp">
      <Filter>Source Files</Filter>
    </ClCompile>
    <ClCompile Include="src\DriveCache.cpp">
      <Filter>Source Files</Filter>
    </ClCompile>
    <ClCompile Include="src\FileDB.cpp">
      <Filter>Source Files</Filter>
    </ClCompile>
    <ClCompile Include="src\ItemFileInfo.cpp">
      <Filter>Source Files</Filter>
    </ClCompile>
    <ClCompile Include="src\ItemL.cpp">
      <Filter>Source Files</Filter>
    </ClCompile>
    <ClCompile Include="src\ItemR.cpp">
      <Filter>Source Files</Filter>
    </ClCompile>
    <ClCompile Include="src\SelectiHistory.cpp">
      <Filter>Source Files</Filter>
    </ClCompile>
    <ClCompile Include="src\UIDriveButton.cpp">
      <Filter>Source Files</Filter>
    </ClCompile>
    <ClCompile Include="src\UIMainWindow.cpp">
      <Filter>Source Files</Filter>
    </ClCompile>
    <ClCompile Include="src\UIRowLinkItem.cpp">
      <Filter>Source Files</Filter>
    </ClCompile>
    <ClCompile Include="src\UIViewL.cpp">
      <Filter>Source Files</Filter>
    </ClCompile>
    <ClCompile Include="src\UIViewR.cpp">
      <Filter>Source Files</Filter>
    </ClCompile>
    <ClCompile Include="src\utils.cpp">
      <Filter>Source Files</Filter>
    </ClCompile>
  </ItemGroup>
  <ItemGroup>
    <QtMoc Include="src\App.h">
      <Filter>Source Files</Filter>
    </QtMoc>
    <ClInclude Include="src\ContextMenu.h">
      <Filter>Source Files</Filter>
    </ClInclude>
    <ClInclude Include="src\DriveCache.h">
      <Filter>Source Files</Filter>
    </ClInclude>
    <ClInclude Include="src\ItemFileInfo.h">
      <Filter>Source Files</Filter>
    </ClInclude>
    <ClInclude Include="src\ItemL.h">
      <Filter>Source Files</Filter>
    </ClInclude>
    <QtMoc Include="src\SelectiHistory.h">
      <Filter>Source Files</Filter>
    </QtMoc>
    <QtMoc Include="src\UIDriveButton.h">
      <Filter>Source Files</Filter>
    </QtMoc>
    <QtMoc Include="src\UIMainWindow.h">
      <Filter>Source Files</Filter>
    </QtMoc>
    <QtMoc Include="src\UIRowLinkItem.h">
      <Filter>Source Files</Filter>
    </QtMoc>
    <QtMoc Include="src\UIViewL.h">
      <Filter>Source Files</Filter>
    </QtMoc>
  </ItemGroup>
  <ItemGroup>
    <CustomBuild Include="debug\moc_predefs.h.cbt">
      <Filter>Generated Files</Filter>
    </CustomBuild>
    <CustomBuild Include="release\moc_predefs.h.cbt">
      <Filter>Generated Files</Filter>
    </CustomBuild>
    <ClCompile Include="src\pch.h.cpp">
      <Filter>Generated Files</Filter>
    </ClCompile>
    <CustomBuild Include="src\pch.h">
      <Filter>Source Files</Filter>
    </CustomBuild>
  </ItemGroup>
  <ItemGroup>
    <QtUic Include="src\UIDriveButton.ui">
      <Filter>Form Files</Filter>
    </QtUic>
    <QtUic Include="src\UIMainWindow.ui">
      <Filter>Form Files</Filter>
    </QtUic>
    <QtUic Include="src\UIRowLinkItem.ui">
      <Filter>Form Files</Filter>
    </QtUic>
    <QtUic Include="src\UIViewL.ui">
      <Filter>Form Files</Filter>
    </QtUic>
    <QtUic Include="src\UIViewR.ui">
      <Filter>Form Files</Filter>
    </QtUic>
  </ItemGroup>
  <ItemGroup>
    <None Include="src\icon\AppIcon.ico">
      <Filter>Resource Files</Filter>
    </None>
    <None Include="src\markdown\about.md">
      <Filter>Resource Files</Filter>
    </None>
    <None Include="src\icon\arrowL2.png">
      <Filter>Resource Files</Filter>
    </None>
    <None Include="src\icon\arrowR2.png">
      <Filter>Resource Files</Filter>
    </None>
    <None Include="src\icon\arrowU2.png">
      <Filter>Resource Files</Filter>
    </None>
    <None Include="src\icon\driveFind.png">
      <Filter>Resource Files</Filter>
    </None>
    <None Include="src\icon\folder.png">
      <Filter>Resource Files</Filter>
    </None>
    <None Include="src\icon\garbageCan.png">
      <Filter>Resource Files</Filter>
    </None>
    <None Include="src\icon\icon_159120_16.png">
      <Filter>Resource Files</Filter>
    </None>
    <None Include="src\icon\info2.png">
      <Filter>Resource Files</Filter>
    </None>
    <None Include="src\icon\internet.png">
      <Filter>Resource Files</Filter>
    </None>
    <None Include="src\icon\link.png">
      <Filter>Resource Files</Filter>
    </None>
    <None Include="src\icon\linkC.png">
      <Filter>Resource Files</Filter>
    </None>
    <None Include="src\icon\menu.png">
      <Filter>Resource Files</Filter>
    </None>
    <None Include="src\icon\reload.png">
      <Filter>Resource Files</Filter>
    </None>
    <QtRcc Include="src\res.qrc">
      <Filter>Resource Files</Filter>
    </QtRcc>
    <None Include="src\icon\settings.png">
      <Filter>Resource Files</Filter>
    </None>
    <None Include="src\style.qss">
      <Filter>Resource Files</Filter>
    </None>
  </ItemGroup>
  <ItemGroup>
    <ResourceCompile Include=".\FolderManager_resource.rc" />
  </ItemGroup>
  <ItemGroup>
    <ClInclude Include="src\ActionFile.h">
      <Filter>Source Files</Filter>
    </ClInclude>
    <ClInclude Include="src\Enums.h">
      <Filter>Source Files</Filter>
    </ClInclude>
    <ClInclude Include="src\ItemR.h">
      <Filter>Source Files</Filter>
    </ClInclude>
    <ClInclude Include="src\utils.h">
      <Filter>Source Files</Filter>
    </ClInclude>
  </ItemGroup>
  <ItemGroup>
    <QtMoc Include="src\Config.h">
      <Filter>Source Files</Filter>
    </QtMoc>
    <QtMoc Include="src\FileDB.h">
      <Filter>Source Files</Filter>
    </QtMoc>
    <QtMoc Include="src\UIViewR.h">
      <Filter>Source Files</Filter>
    </QtMoc>
  </ItemGroup>
</Project>